
Microsoft Visual Studio Solution File, Format Version 12.00
# Visual Studio Version 16
VisualStudioVersion = 16.0.31112.23
MinimumVisualStudioVersion = 10.0.40219.1
Project("{FAE04EC0-301F-11D3-BF4B-00C04F79EFBC}") = "Hunted Mobile.Android", "Hunted Mobile\Hunted Mobile.Android\Hunted Mobile.Android.csproj", "{C93FC067-EC12-4948-A14E-EBA00CA3938D}"
EndProject
Project("{FAE04EC0-301F-11D3-BF4B-00C04F79EFBC}") = "Hunted Mobile.iOS", "Hunted Mobile\Hunted Mobile.iOS\Hunted Mobile.iOS.csproj", "{F326E88E-5875-4AF8-ACBB-F621244F0268}"
EndProject
Project("{9A19103F-16F7-4668-BE54-9A1E7A4F7556}") = "Hunted Mobile", "Hunted Mobile\Hunted Mobile\Hunted Mobile.csproj", "{80D124F6-929D-4534-B154-1FD8CD57AFF1}"
EndProject
Project("{2150E333-8FDC-42A3-9474-1A3956D46DE8}") = "Solution Items", "Solution Items", "{6B7B7540-E275-4CE9-93ED-65CE5FBAAE22}"
	ProjectSection(SolutionItems) = preProject
		.editorconfig = .editorconfig
		..\.gitignore = ..\.gitignore
	EndProjectSection
EndProject
Global
	GlobalSection(SolutionConfigurationPlatforms) = preSolution
		Debug|Any CPU = Debug|Any CPU
		Debug|iPhone = Debug|iPhone
		Debug|iPhoneSimulator = Debug|iPhoneSimulator
		Release|Any CPU = Release|Any CPU
		Release|iPhone = Release|iPhone
		Release|iPhoneSimulator = Release|iPhoneSimulator
	EndGlobalSection
	GlobalSection(ProjectConfigurationPlatforms) = postSolution
		{C93FC067-EC12-4948-A14E-EBA00CA3938D}.Debug|Any CPU.ActiveCfg = Debug|Any CPU
		{C93FC067-EC12-4948-A14E-EBA00CA3938D}.Debug|Any CPU.Build.0 = Debug|Any CPU
		{C93FC067-EC12-4948-A14E-EBA00CA3938D}.Debug|Any CPU.Deploy.0 = Debug|Any CPU
		{C93FC067-EC12-4948-A14E-EBA00CA3938D}.Debug|iPhone.ActiveCfg = Debug|Any CPU
		{C93FC067-EC12-4948-A14E-EBA00CA3938D}.Debug|iPhone.Build.0 = Debug|Any CPU
		{C93FC067-EC12-4948-A14E-EBA00CA3938D}.Debug|iPhone.Deploy.0 = Debug|Any CPU
		{C93FC067-EC12-4948-A14E-EBA00CA3938D}.Debug|iPhoneSimulator.ActiveCfg = Debug|Any CPU
		{C93FC067-EC12-4948-A14E-EBA00CA3938D}.Debug|iPhoneSimulator.Build.0 = Debug|Any CPU
		{C93FC067-EC12-4948-A14E-EBA00CA3938D}.Debug|iPhoneSimulator.Deploy.0 = Debug|Any CPU
		{C93FC067-EC12-4948-A14E-EBA00CA3938D}.Release|Any CPU.ActiveCfg = Release|Any CPU
		{C93FC067-EC12-4948-A14E-EBA00CA3938D}.Release|Any CPU.Build.0 = Release|Any CPU
		{C93FC067-EC12-4948-A14E-EBA00CA3938D}.Release|Any CPU.Deploy.0 = Release|Any CPU
		{C93FC067-EC12-4948-A14E-EBA00CA3938D}.Release|iPhone.ActiveCfg = Release|Any CPU
		{C93FC067-EC12-4948-A14E-EBA00CA3938D}.Release|iPhone.Build.0 = Release|Any CPU
		{C93FC067-EC12-4948-A14E-EBA00CA3938D}.Release|iPhone.Deploy.0 = Release|Any CPU
		{C93FC067-EC12-4948-A14E-EBA00CA3938D}.Release|iPhoneSimulator.ActiveCfg = Release|Any CPU
		{C93FC067-EC12-4948-A14E-EBA00CA3938D}.Release|iPhoneSimulator.Build.0 = Release|Any CPU
		{C93FC067-EC12-4948-A14E-EBA00CA3938D}.Release|iPhoneSimulator.Deploy.0 = Release|Any CPU
		{F326E88E-5875-4AF8-ACBB-F621244F0268}.Debug|Any CPU.ActiveCfg = Debug|iPhone
		{F326E88E-5875-4AF8-ACBB-F621244F0268}.Debug|Any CPU.Build.0 = Debug|iPhone
		{F326E88E-5875-4AF8-ACBB-F621244F0268}.Debug|Any CPU.Deploy.0 = Debug|iPhone
		{F326E88E-5875-4AF8-ACBB-F621244F0268}.Debug|iPhone.ActiveCfg = Debug|iPhone
		{F326E88E-5875-4AF8-ACBB-F621244F0268}.Debug|iPhone.Build.0 = Debug|iPhone
		{F326E88E-5875-4AF8-ACBB-F621244F0268}.Debug|iPhone.Deploy.0 = Debug|iPhone
		{F326E88E-5875-4AF8-ACBB-F621244F0268}.Debug|iPhoneSimulator.ActiveCfg = Debug|iPhoneSimulator
		{F326E88E-5875-4AF8-ACBB-F621244F0268}.Debug|iPhoneSimulator.Build.0 = Debug|iPhoneSimulator
		{F326E88E-5875-4AF8-ACBB-F621244F0268}.Debug|iPhoneSimulator.Deploy.0 = Debug|iPhoneSimulator
		{F326E88E-5875-4AF8-ACBB-F621244F0268}.Release|Any CPU.ActiveCfg = Release|iPhoneSimulator
		{F326E88E-5875-4AF8-ACBB-F621244F0268}.Release|Any CPU.Build.0 = Release|iPhoneSimulator
		{F326E88E-5875-4AF8-ACBB-F621244F0268}.Release|Any CPU.Deploy.0 = Release|iPhoneSimulator
		{F326E88E-5875-4AF8-ACBB-F621244F0268}.Release|iPhone.ActiveCfg = Release|iPhone
		{F326E88E-5875-4AF8-ACBB-F621244F0268}.Release|iPhone.Build.0 = Release|iPhone
		{F326E88E-5875-4AF8-ACBB-F621244F0268}.Release|iPhone.Deploy.0 = Release|iPhone
		{F326E88E-5875-4AF8-ACBB-F621244F0268}.Release|iPhoneSimulator.ActiveCfg = Release|iPhoneSimulator
		{F326E88E-5875-4AF8-ACBB-F621244F0268}.Release|iPhoneSimulator.Build.0 = Release|iPhoneSimulator
		{F326E88E-5875-4AF8-ACBB-F621244F0268}.Release|iPhoneSimulator.Deploy.0 = Release|iPhoneSimulator
		{80D124F6-929D-4534-B154-1FD8CD57AFF1}.Debug|Any CPU.ActiveCfg = Debug|Any CPU
		{80D124F6-929D-4534-B154-1FD8CD57AFF1}.Debug|Any CPU.Build.0 = Debug|Any CPU
		{80D124F6-929D-4534-B154-1FD8CD57AFF1}.Debug|Any CPU.Deploy.0 = Debug|Any CPU
		{80D124F6-929D-4534-B154-1FD8CD57AFF1}.Debug|iPhone.ActiveCfg = Debug|Any CPU
		{80D124F6-929D-4534-B154-1FD8CD57AFF1}.Debug|iPhone.Build.0 = Debug|Any CPU
		{80D124F6-929D-4534-B154-1FD8CD57AFF1}.Debug|iPhone.Deploy.0 = Debug|Any CPU
		{80D124F6-929D-4534-B154-1FD8CD57AFF1}.Debug|iPhoneSimulator.ActiveCfg = Debug|Any CPU
		{80D124F6-929D-4534-B154-1FD8CD57AFF1}.Debug|iPhoneSimulator.Build.0 = Debug|Any CPU
		{80D124F6-929D-4534-B154-1FD8CD57AFF1}.Debug|iPhoneSimulator.Deploy.0 = Debug|Any CPU
		{80D124F6-929D-4534-B154-1FD8CD57AFF1}.Release|Any CPU.ActiveCfg = Release|Any CPU
		{80D124F6-929D-4534-B154-1FD8CD57AFF1}.Release|Any CPU.Build.0 = Release|Any CPU
		{80D124F6-929D-4534-B154-1FD8CD57AFF1}.Release|Any CPU.Deploy.0 = Release|Any CPU
		{80D124F6-929D-4534-B154-1FD8CD57AFF1}.Release|iPhone.ActiveCfg = Release|Any CPU
		{80D124F6-929D-4534-B154-1FD8CD57AFF1}.Release|iPhone.Build.0 = Release|Any CPU
		{80D124F6-929D-4534-B154-1FD8CD57AFF1}.Release|iPhone.Deploy.0 = Release|Any CPU
		{80D124F6-929D-4534-B154-1FD8CD57AFF1}.Release|iPhoneSimulator.ActiveCfg = Release|Any CPU
		{80D124F6-929D-4534-B154-1FD8CD57AFF1}.Release|iPhoneSimulator.Build.0 = Release|Any CPU
		{80D124F6-929D-4534-B154-1FD8CD57AFF1}.Release|iPhoneSimulator.Deploy.0 = Release|Any CPU
	EndGlobalSection
	GlobalSection(SolutionProperties) = preSolution
		HideSolutionNode = FALSE
	EndGlobalSection
	GlobalSection(ExtensibilityGlobals) = postSolution
		SolutionGuid = {406F0693-6324-444D-8FD2-8C53B1E3735B}
	EndGlobalSection
EndGlobal
